
Microsoft Visual Studio Solution File, Format Version 12.00
# Visual Studio Version 17
VisualStudioVersion = 17.2.32630.192
MinimumVisualStudioVersion = 10.0.40219.1
Project("{FAE04EC0-301F-11D3-BF4B-00C04F79EFBC}") = "MainForm", "MainForm.csproj", "{2887BA60-C9F9-4E15-AFC8-77CB8538353D}"
EndProject
Global
	GlobalSection(SolutionConfigurationPlatforms) = preSolution
		Debug|Any CPU = Debug|Any CPU
		Release|Any CPU = Release|Any CPU
	EndGlobalSection
	GlobalSection(ProjectConfigurationPlatforms) = postSolution
		{2887BA60-C9F9-4E15-AFC8-77CB8538353D}.Debug|Any CPU.ActiveCfg = Debug|Any CPU
		{2887BA60-C9F9-4E15-AFC8-77CB8538353D}.Debug|Any CPU.Build.0 = Debug|Any CPU
		{2887BA60-C9F9-4E15-AFC8-77CB8538353D}.Release|Any CPU.ActiveCfg = Release|Any CPU
		{2887BA60-C9F9-4E15-AFC8-77CB8538353D}.Release|Any CPU.Build.0 = Release|Any CPU
	EndGlobalSection
	GlobalSection(SolutionProperties) = preSolution
		HideSolutionNode = FALSE
	EndGlobalSection
	GlobalSection(ExtensibilityGlobals) = postSolution
		SolutionGuid = {2D03FE15-59DA-4C16-B65B-8D852E191100}
	EndGlobalSection
EndGlobal
